
Microsoft Visual Studio Solution File, Format Version 12.00
# Visual Studio 15
VisualStudioVersion = 15.0.27130.2010
MinimumVisualStudioVersion = 10.0.40219.1
Project("{E24C65DC-7377-472B-9ABA-BC803B73C61A}") = "PetNew", "http://localhost:1308", "{80B822BA-D3A4-4749-AA23-7A8A06F27253}"
	ProjectSection(WebsiteProperties) = preProject
		UseIISExpress = "true"
		TargetFrameworkMoniker = ".NETFramework,Version%3Dv4.0"
		Debug.AspNetCompiler.VirtualPath = "/localhost_1308"
		Debug.AspNetCompiler.PhysicalPath = "..\PetNew\"
		Debug.AspNetCompiler.TargetPath = "PrecompiledWeb\localhost_1308\"
		Debug.AspNetCompiler.Updateable = "true"
		Debug.AspNetCompiler.ForceOverwrite = "true"
		Debug.AspNetCompiler.FixedNames = "false"
		Debug.AspNetCompiler.Debug = "True"
		Release.AspNetCompiler.VirtualPath = "/localhost_1308"
		Release.AspNetCompiler.PhysicalPath = "..\PetNew\"
		Release.AspNetCompiler.TargetPath = "PrecompiledWeb\localhost_1308\"
		Release.AspNetCompiler.Updateable = "true"
		Release.AspNetCompiler.ForceOverwrite = "true"
		Release.AspNetCompiler.FixedNames = "false"
		Release.AspNetCompiler.Debug = "False"
		SlnRelativePath = "..\PetNew\"
	EndProjectSection
EndProject
Project("{FAE04EC0-301F-11D3-BF4B-00C04F79EFBC}") = "PetsServer", "CustomerServer\PetsServer.csproj", "{E46077EF-2E06-4573-A1D2-3908C1A34589}"
EndProject
Global
	GlobalSection(SolutionConfigurationPlatforms) = preSolution
		Debug|Any CPU = Debug|Any CPU
		Release|Any CPU = Release|Any CPU
	EndGlobalSection
	GlobalSection(ProjectConfigurationPlatforms) = postSolution
		{80B822BA-D3A4-4749-AA23-7A8A06F27253}.Debug|Any CPU.ActiveCfg = Debug|Any CPU
		{80B822BA-D3A4-4749-AA23-7A8A06F27253}.Debug|Any CPU.Build.0 = Debug|Any CPU
		{80B822BA-D3A4-4749-AA23-7A8A06F27253}.Release|Any CPU.ActiveCfg = Debug|Any CPU
		{80B822BA-D3A4-4749-AA23-7A8A06F27253}.Release|Any CPU.Build.0 = Debug|Any CPU
		{E46077EF-2E06-4573-A1D2-3908C1A34589}.Debug|Any CPU.ActiveCfg = Debug|Any CPU
		{E46077EF-2E06-4573-A1D2-3908C1A34589}.Debug|Any CPU.Build.0 = Debug|Any CPU
		{E46077EF-2E06-4573-A1D2-3908C1A34589}.Release|Any CPU.ActiveCfg = Release|Any CPU
		{E46077EF-2E06-4573-A1D2-3908C1A34589}.Release|Any CPU.Build.0 = Release|Any CPU
	EndGlobalSection
	GlobalSection(SolutionProperties) = preSolution
		HideSolutionNode = FALSE
	EndGlobalSection
	GlobalSection(ExtensibilityGlobals) = postSolution
		SolutionGuid = {EEF9A745-6B0E-454B-8F9A-646B00785ED8}
	EndGlobalSection
EndGlobal
